
Microsoft Visual Studio Solution File, Format Version 12.00
# Visual Studio Version 17
VisualStudioVersion = 17.12.35527.113
MinimumVisualStudioVersion = 10.0.40219.1
Project("{FAE04EC0-301F-11D3-BF4B-00C04F79EFBC}") = "W6D1-Overview", "W6D1-Overview\W6D1-Overview.csproj", "{4078113A-33C5-414E-89EC-5FD8B3AF9C10}"
EndProject
Project("{FAE04EC0-301F-11D3-BF4B-00C04F79EFBC}") = "W6D3-Total", "W6D3-Total\W6D3-Total.csproj", "{D0E08830-C664-42A0-9589-FECEEABCB46F}"
EndProject
Project("{FAE04EC0-301F-11D3-BF4B-00C04F79EFBC}") = "W6D1-Loop1", "W6D1-Loop1\W6D1-Loop1.csproj", "{8CCAA058-7196-450B-A4F5-7C04B6BD17F9}"
EndProject
Project("{FAE04EC0-301F-11D3-BF4B-00C04F79EFBC}") = "W6D2-CounterBasic", "W6D2-CounterBasic\W6D2-CounterBasic.csproj", "{6316FEF3-D773-444D-B885-2503EC4E0AD6}"
EndProject
Project("{FAE04EC0-301F-11D3-BF4B-00C04F79EFBC}") = "W6D2-GuessingGame", "W6D2-GuessingGame\W6D2-GuessingGame.csproj", "{10EEB424-6CF1-4D70-9408-D29A89EA8972}"
EndProject
Project("{FAE04EC0-301F-11D3-BF4B-00C04F79EFBC}") = "W7D1-Array", "W7D1-Array\W7D1-Array.csproj", "{75910612-40B8-43CD-973D-7CEDEFBDEC5B}"
EndProject
Project("{FAE04EC0-301F-11D3-BF4B-00C04F79EFBC}") = "W7D1-Exercise1", "W7D1-Exercise1\W7D1-Exercise1.csproj", "{29601D71-5E2B-47B3-9BF9-8702711176CB}"
EndProject
Project("{FAE04EC0-301F-11D3-BF4B-00C04F79EFBC}") = "W7D2-LogicalArray", "W7D2-LogicalArray\W7D2-LogicalArray.csproj", "{1B325B17-3EF0-4EE0-9206-D6F38CD7A0CC}"
EndProject
Project("{FAE04EC0-301F-11D3-BF4B-00C04F79EFBC}") = "W7D2-LogicalArrayProblem1", "W7D2-LogicalArrayProblem1\W7D2-LogicalArrayProblem1.csproj", "{B45895E6-6E0F-4EB4-8822-2CA4EC9209F0}"
EndProject
Project("{FAE04EC0-301F-11D3-BF4B-00C04F79EFBC}") = "W7D2-JanProblem", "W7D2-JanProblem\W7D2-JanProblem.csproj", "{D150A77D-ACD7-45BD-B6A4-905674DB04A0}"
EndProject
Project("{FAE04EC0-301F-11D3-BF4B-00C04F79EFBC}") = "W8D1-SimpleMethod", "W8D1-SimpleMethod\W8D1-SimpleMethod.csproj", "{06EA5049-8098-4C71-99DB-DD98A01C6500}"
EndProject
Project("{FAE04EC0-301F-11D3-BF4B-00C04F79EFBC}") = "W8D2-Method1", "W8D2-Method1\W8D2-Method1.csproj", "{166A6853-BD90-4C7A-98C3-46C22DE15E7E}"
EndProject
Project("{FAE04EC0-301F-11D3-BF4B-00C04F79EFBC}") = "W8D2-Problem1", "W8D2-Problem1\W8D2-Problem1.csproj", "{72B5398A-468F-43A4-8CB7-DE48EB8537BD}"
EndProject
Project("{FAE04EC0-301F-11D3-BF4B-00C04F79EFBC}") = "W9D1-IO1", "W9D1-IO1\W9D1-IO1.csproj", "{145E30C7-3708-4D7D-82C7-3C6AEBA3A2AF}"
EndProject
Project("{FAE04EC0-301F-11D3-BF4B-00C04F79EFBC}") = "W9D1-IO2", "W9D1-IO2\W9D1-IO2.csproj", "{30DC7905-C7F5-4C62-B331-1E0753F73D09}"
EndProject
Global
	GlobalSection(SolutionConfigurationPlatforms) = preSolution
		Debug|Any CPU = Debug|Any CPU
		Release|Any CPU = Release|Any CPU
	EndGlobalSection
	GlobalSection(ProjectConfigurationPlatforms) = postSolution
		{4078113A-33C5-414E-89EC-5FD8B3AF9C10}.Debug|Any CPU.ActiveCfg = Debug|Any CPU
		{4078113A-33C5-414E-89EC-5FD8B3AF9C10}.Debug|Any CPU.Build.0 = Debug|Any CPU
		{4078113A-33C5-414E-89EC-5FD8B3AF9C10}.Release|Any CPU.ActiveCfg = Release|Any CPU
		{4078113A-33C5-414E-89EC-5FD8B3AF9C10}.Release|Any CPU.Build.0 = Release|Any CPU
		{D0E08830-C664-42A0-9589-FECEEABCB46F}.Debug|Any CPU.ActiveCfg = Debug|Any CPU
		{D0E08830-C664-42A0-9589-FECEEABCB46F}.Debug|Any CPU.Build.0 = Debug|Any CPU
		{D0E08830-C664-42A0-9589-FECEEABCB46F}.Release|Any CPU.ActiveCfg = Release|Any CPU
		{D0E08830-C664-42A0-9589-FECEEABCB46F}.Release|Any CPU.Build.0 = Release|Any CPU
		{8CCAA058-7196-450B-A4F5-7C04B6BD17F9}.Debug|Any CPU.ActiveCfg = Debug|Any CPU
		{8CCAA058-7196-450B-A4F5-7C04B6BD17F9}.Debug|Any CPU.Build.0 = Debug|Any CPU
		{8CCAA058-7196-450B-A4F5-7C04B6BD17F9}.Release|Any CPU.ActiveCfg = Release|Any CPU
		{8CCAA058-7196-450B-A4F5-7C04B6BD17F9}.Release|Any CPU.Build.0 = Release|Any CPU
		{6316FEF3-D773-444D-B885-2503EC4E0AD6}.Debug|Any CPU.ActiveCfg = Debug|Any CPU
		{6316FEF3-D773-444D-B885-2503EC4E0AD6}.Debug|Any CPU.Build.0 = Debug|Any CPU
		{6316FEF3-D773-444D-B885-2503EC4E0AD6}.Release|Any CPU.ActiveCfg = Release|Any CPU
		{6316FEF3-D773-444D-B885-2503EC4E0AD6}.Release|Any CPU.Build.0 = Release|Any CPU
		{10EEB424-6CF1-4D70-9408-D29A89EA8972}.Debug|Any CPU.ActiveCfg = Debug|Any CPU
		{10EEB424-6CF1-4D70-9408-D29A89EA8972}.Debug|Any CPU.Build.0 = Debug|Any CPU
		{10EEB424-6CF1-4D70-9408-D29A89EA8972}.Release|Any CPU.ActiveCfg = Release|Any CPU
		{10EEB424-6CF1-4D70-9408-D29A89EA8972}.Release|Any CPU.Build.0 = Release|Any CPU
		{75910612-40B8-43CD-973D-7CEDEFBDEC5B}.Debug|Any CPU.ActiveCfg = Debug|Any CPU
		{75910612-40B8-43CD-973D-7CEDEFBDEC5B}.Debug|Any CPU.Build.0 = Debug|Any CPU
		{75910612-40B8-43CD-973D-7CEDEFBDEC5B}.Release|Any CPU.ActiveCfg = Release|Any CPU
		{75910612-40B8-43CD-973D-7CEDEFBDEC5B}.Release|Any CPU.Build.0 = Release|Any CPU
		{29601D71-5E2B-47B3-9BF9-8702711176CB}.Debug|Any CPU.ActiveCfg = Debug|Any CPU
		{29601D71-5E2B-47B3-9BF9-8702711176CB}.Debug|Any CPU.Build.0 = Debug|Any CPU
		{29601D71-5E2B-47B3-9BF9-8702711176CB}.Release|Any CPU.ActiveCfg = Release|Any CPU
		{29601D71-5E2B-47B3-9BF9-8702711176CB}.Release|Any CPU.Build.0 = Release|Any CPU
		{1B325B17-3EF0-4EE0-9206-D6F38CD7A0CC}.Debug|Any CPU.ActiveCfg = Debug|Any CPU
		{1B325B17-3EF0-4EE0-9206-D6F38CD7A0CC}.Debug|Any CPU.Build.0 = Debug|Any CPU
		{1B325B17-3EF0-4EE0-9206-D6F38CD7A0CC}.Release|Any CPU.ActiveCfg = Release|Any CPU
		{1B325B17-3EF0-4EE0-9206-D6F38CD7A0CC}.Release|Any CPU.Build.0 = Release|Any CPU
		{B45895E6-6E0F-4EB4-8822-2CA4EC9209F0}.Debug|Any CPU.ActiveCfg = Debug|Any CPU
		{B45895E6-6E0F-4EB4-8822-2CA4EC9209F0}.Debug|Any CPU.Build.0 = Debug|Any CPU
		{B45895E6-6E0F-4EB4-8822-2CA4EC9209F0}.Release|Any CPU.ActiveCfg = Release|Any CPU
		{B45895E6-6E0F-4EB4-8822-2CA4EC9209F0}.Release|Any CPU.Build.0 = Release|Any CPU
		{D150A77D-ACD7-45BD-B6A4-905674DB04A0}.Debug|Any CPU.ActiveCfg = Debug|Any CPU
		{D150A77D-ACD7-45BD-B6A4-905674DB04A0}.Debug|Any CPU.Build.0 = Debug|Any CPU
		{D150A77D-ACD7-45BD-B6A4-905674DB04A0}.Release|Any CPU.ActiveCfg = Release|Any CPU
		{D150A77D-ACD7-45BD-B6A4-905674DB04A0}.Release|Any CPU.Build.0 = Release|Any CPU
		{06EA5049-8098-4C71-99DB-DD98A01C6500}.Debug|Any CPU.ActiveCfg = Debug|Any CPU
		{06EA5049-8098-4C71-99DB-DD98A01C6500}.Debug|Any CPU.Build.0 = Debug|Any CPU
		{06EA5049-8098-4C71-99DB-DD98A01C6500}.Release|Any CPU.ActiveCfg = Release|Any CPU
		{06EA5049-8098-4C71-99DB-DD98A01C6500}.Release|Any CPU.Build.0 = Release|Any CPU
		{166A6853-BD90-4C7A-98C3-46C22DE15E7E}.Debug|Any CPU.ActiveCfg = Debug|Any CPU
		{166A6853-BD90-4C7A-98C3-46C22DE15E7E}.Debug|Any CPU.Build.0 = Debug|Any CPU
		{166A6853-BD90-4C7A-98C3-46C22DE15E7E}.Release|Any CPU.ActiveCfg = Release|Any CPU
		{166A6853-BD90-4C7A-98C3-46C22DE15E7E}.Release|Any CPU.Build.0 = Release|Any CPU
		{72B5398A-468F-43A4-8CB7-DE48EB8537BD}.Debug|Any CPU.ActiveCfg = Debug|Any CPU
		{72B5398A-468F-43A4-8CB7-DE48EB8537BD}.Debug|Any CPU.Build.0 = Debug|Any CPU
		{72B5398A-468F-43A4-8CB7-DE48EB8537BD}.Release|Any CPU.ActiveCfg = Release|Any CPU
		{72B5398A-468F-43A4-8CB7-DE48EB8537BD}.Release|Any CPU.Build.0 = Release|Any CPU
		{145E30C7-3708-4D7D-82C7-3C6AEBA3A2AF}.Debug|Any CPU.ActiveCfg = Debug|Any CPU
		{145E30C7-3708-4D7D-82C7-3C6AEBA3A2AF}.Debug|Any CPU.Build.0 = Debug|Any CPU
		{145E30C7-3708-4D7D-82C7-3C6AEBA3A2AF}.Release|Any CPU.ActiveCfg = Release|Any CPU
		{145E30C7-3708-4D7D-82C7-3C6AEBA3A2AF}.Release|Any CPU.Build.0 = Release|Any CPU
		{30DC7905-C7F5-4C62-B331-1E0753F73D09}.Debug|Any CPU.ActiveCfg = Debug|Any CPU
		{30DC7905-C7F5-4C62-B331-1E0753F73D09}.Debug|Any CPU.Build.0 = Debug|Any CPU
		{30DC7905-C7F5-4C62-B331-1E0753F73D09}.Release|Any CPU.ActiveCfg = Release|Any CPU
		{30DC7905-C7F5-4C62-B331-1E0753F73D09}.Release|Any CPU.Build.0 = Release|Any CPU
	EndGlobalSection
	GlobalSection(SolutionProperties) = preSolution
		HideSolutionNode = FALSE
	EndGlobalSection
	GlobalSection(ExtensibilityGlobals) = postSolution
		SolutionGuid = {057E1F8B-CE2A-4E3F-8868-EEA4531A02A4}
	EndGlobalSection
EndGlobal
